
Microsoft Visual Studio Solution File, Format Version 12.00
# Visual Studio 14
VisualStudioVersion = 14.0.25420.1
MinimumVisualStudioVersion = 10.0.40219.1
Project("{FAE04EC0-301F-11D3-BF4B-00C04F79EFBC}") = "WebApiTest", "WebApiTest\WebApiTest.csproj", "{FDC02B39-DE7E-4E8A-9FBC-FCFB660F75E0}"
EndProject
Project("{FAE04EC0-301F-11D3-BF4B-00C04F79EFBC}") = "DataModel", "DataModel\DataModel.csproj", "{E5FAC344-48E5-437B-8CB1-E624FCD829BA}"
EndProject
Project("{FAE04EC0-301F-11D3-BF4B-00C04F79EFBC}") = "BusinessEntities", "BusinessEntities\BusinessEntities.csproj", "{83CA277A-ADFC-47D9-9EA2-B249CFA0ACDE}"
EndProject
Project("{FAE04EC0-301F-11D3-BF4B-00C04F79EFBC}") = "BusinessService", "BusinessService\BusinessService.csproj", "{D569BC00-5E67-41B1-876B-5E3424D6361E}"
EndProject
Global
	GlobalSection(SolutionConfigurationPlatforms) = preSolution
		Debug|Any CPU = Debug|Any CPU
		Release|Any CPU = Release|Any CPU
	EndGlobalSection
	GlobalSection(ProjectConfigurationPlatforms) = postSolution
		{FDC02B39-DE7E-4E8A-9FBC-FCFB660F75E0}.Debug|Any CPU.ActiveCfg = Debug|Any CPU
		{FDC02B39-DE7E-4E8A-9FBC-FCFB660F75E0}.Debug|Any CPU.Build.0 = Debug|Any CPU
		{FDC02B39-DE7E-4E8A-9FBC-FCFB660F75E0}.Release|Any CPU.ActiveCfg = Release|Any CPU
		{FDC02B39-DE7E-4E8A-9FBC-FCFB660F75E0}.Release|Any CPU.Build.0 = Release|Any CPU
		{E5FAC344-48E5-437B-8CB1-E624FCD829BA}.Debug|Any CPU.ActiveCfg = Debug|Any CPU
		{E5FAC344-48E5-437B-8CB1-E624FCD829BA}.Debug|Any CPU.Build.0 = Debug|Any CPU
		{E5FAC344-48E5-437B-8CB1-E624FCD829BA}.Release|Any CPU.ActiveCfg = Release|Any CPU
		{E5FAC344-48E5-437B-8CB1-E624FCD829BA}.Release|Any CPU.Build.0 = Release|Any CPU
		{83CA277A-ADFC-47D9-9EA2-B249CFA0ACDE}.Debug|Any CPU.ActiveCfg = Debug|Any CPU
		{83CA277A-ADFC-47D9-9EA2-B249CFA0ACDE}.Debug|Any CPU.Build.0 = Debug|Any CPU
		{83CA277A-ADFC-47D9-9EA2-B249CFA0ACDE}.Release|Any CPU.ActiveCfg = Release|Any CPU
		{83CA277A-ADFC-47D9-9EA2-B249CFA0ACDE}.Release|Any CPU.Build.0 = Release|Any CPU
		{D569BC00-5E67-41B1-876B-5E3424D6361E}.Debug|Any CPU.ActiveCfg = Debug|Any CPU
		{D569BC00-5E67-41B1-876B-5E3424D6361E}.Debug|Any CPU.Build.0 = Debug|Any CPU
		{D569BC00-5E67-41B1-876B-5E3424D6361E}.Release|Any CPU.ActiveCfg = Release|Any CPU
		{D569BC00-5E67-41B1-876B-5E3424D6361E}.Release|Any CPU.Build.0 = Release|Any CPU
	EndGlobalSection
	GlobalSection(SolutionProperties) = preSolution
		HideSolutionNode = FALSE
	EndGlobalSection
	GlobalSection(ExtensibilityGlobals) = postSolution
		EnterpriseLibraryConfigurationToolBinariesPath = packages\Unity.2.1.505.0\lib\NET35
	EndGlobalSection
EndGlobal
